{
    "name": "bakd",
    "version": "1.0.1",
    "lockfileVersion": 1,
    "requires": true,
    "dependencies": {
        "@fortawesome/fontawesome-free": {
            "version": "5.3.1",
            "resolved": "https://registry.npmjs.org/@fortawesome/fontawesome-free/-/fontawesome-free-5.3.1.tgz",
            "integrity": "sha512-jt6yi7iZVtkY9Jc6zFo+G2vqL4M81pb3IA3WmnnDt9ci7Asz+mPg4gbZL8pjx0nGFBsG0Bmd7BjU9IQkebqxFA==",
            "dev": true
        },
        "animate.css": {
            "version": "3.7.0",
            "resolved": "https://registry.npmjs.org/animate.css/-/animate.css-3.7.0.tgz",
            "integrity": "sha512-u3iMXDJr0cxMdQocIciDiou9Au4L5f9uT+/jCtprw3s1j3HcfCuI+khF+90Ps2KdsEhM2soF7SXB4WUvI3HlXg=="
        },
        "bootstrap": {
            "version": "4.1.3",
            "resolved": "https://registry.npmjs.org/bootstrap/-/bootstrap-4.1.3.tgz",
            "integrity": "sha512-rDFIzgXcof0jDyjNosjv4Sno77X4KuPeFxG2XZZv1/Kc8DRVGVADdoQyyOVDwPqL36DDmtCQbrpMCqvpPLJQ0w=="
        },
        "flipclock": {
            "version": "0.8.2",
            "resolved": "https://registry.npmjs.org/flipclock/-/flipclock-0.8.2.tgz",
            "integrity": "sha512-CVSAyn1zTJ1oBb+C7ILgYwb1UitCdXOTzqecLtSgKsXSBrczXa6OPaNxAVa1ploAkDfcQ6JYlyQwUDKo5oeCqw==",
            "requires": {
                "jquery": ">=1.7"
            }
        },
        "fontawesome": {
            "version": "4.7.2",
            "resolved": "https://registry.npmjs.org/fontawesome/-/fontawesome-4.7.2.tgz",
            "integrity": "sha1-fwxyrHprAp0zdbrLI1Itms/FClI="
        },
        "jquery": {
            "version": "3.3.1",
            "resolved": "https://registry.npmjs.org/jquery/-/jquery-3.3.1.tgz",
            "integrity": "sha512-Ubldcmxp5np52/ENotGxlLe6aGMvmF4R8S6tZjsP6Knsaxd/xp3Zrh50cG93lR6nPXyUFwzN3ZSOQI0wRJNdGg=="
        },
        "jquery-lazy": {
            "version": "1.7.10",
            "resolved": "https://registry.npmjs.org/jquery-lazy/-/jquery-lazy-1.7.10.tgz",
            "integrity": "sha512-1vBpU+igfZJ58BrQrk2OFl3TMriGeIfZUg35uSIajZF4GcxF96NtdS3LbWk5a72rH2ypz0odTsAkqhUsICknhw==",
            "requires": {
                "jquery": ">=1.7.2"
            }
        },
        "jquery-mousewheel": {
            "version": "3.1.13",
            "resolved": "https://registry.npmjs.org/jquery-mousewheel/-/jquery-mousewheel-3.1.13.tgz",
            "integrity": "sha1-BvAzXxbjU6aV5yBr9QUDy1I6buU="
        },
        "malihu-custom-scrollbar-plugin": {
            "version": "3.1.5",
            "resolved": "https://registry.npmjs.org/malihu-custom-scrollbar-plugin/-/malihu-custom-scrollbar-plugin-3.1.5.tgz",
            "integrity": "sha1-MQzsxeWUFaHCnp37XStuAdZqKe8=",
            "requires": {
                "jquery-mousewheel": ">=3.0.6"
            }
        },
        "moment": {
            "version": "2.22.2",
            "resolved": "https://registry.npmjs.org/moment/-/moment-2.22.2.tgz",
            "integrity": "sha1-PCV/mDn8DpP/UxSWMiOeuQeD/2Y="
        },
        "moment-timezone": {
            "version": "0.5.21",
            "resolved": "https://registry.npmjs.org/moment-timezone/-/moment-timezone-0.5.21.tgz",
            "integrity": "sha512-j96bAh4otsgj3lKydm3K7kdtA3iKf2m6MY2iSYCzCm5a1zmHo1g+aK3068dDEeocLZQIS9kU8bsdQHLqEvgW0A==",
            "requires": {
                "moment": ">= 2.9.0"
            }
        },
        "noty": {
            "version": "3.2.0-beta",
            "resolved": "https://registry.npmjs.org/noty/-/noty-3.2.0-beta.tgz",
            "integrity": "sha512-a1//Rth1MTQ/GCvGzwBXrZqCwOPyxiIKMdHT1TlcdrDYBYVfb7vzwsU0N4x+j/HeIQTi6/pbP8lRtY9gBz/d3Q=="
        },
        "particles.js": {
            "version": "2.0.0",
            "resolved": "https://registry.npmjs.org/particles.js/-/particles.js-2.0.0.tgz",
            "integrity": "sha1-IThsQyjWx/lngKIB6W7t/AnHNvY="
        },
        "popper.js": {
            "version": "1.14.4",
            "resolved": "https://registry.npmjs.org/popper.js/-/popper.js-1.14.4.tgz",
            "integrity": "sha1-juwdj/AqWjoVLdQ0FKFce3n9abY="
        },
        "slick-carousel": {
            "version": "1.8.1",
            "resolved": "https://registry.npmjs.org/slick-carousel/-/slick-carousel-1.8.1.tgz",
            "integrity": "sha512-XB9Ftrf2EEKfzoQXt3Nitrt/IPbT+f1fgqBdoxO3W/+JYvtEOW6EgxnWfr9GH6nmULv7Y2tPmEX3koxThVmebA=="
        },
        "underscore": {
            "version": "1.9.1",
            "resolved": "https://registry.npmjs.org/underscore/-/underscore-1.9.1.tgz",
            "integrity": "sha512-5/4etnCkd9c8gwgowi5/om/mYO5ajCaOgdzj/oW+0eQV9WxKBDZw5+ycmKmeaTXjInS/W0BzpGLo2xR2aBwZdg=="
        },
        "wowjs": {
            "version": "1.1.3",
            "resolved": "https://registry.npmjs.org/wowjs/-/wowjs-1.1.3.tgz",
            "integrity": "sha1-RA/Bu0x+iWhA7keXIpaitZB1rL0=",
            "requires": {
                "animate.css": "^3.7.0"
            },
            "dependencies": {
                "animate.css": {
                    "version": "3.7.0",
                    "resolved": "https://registry.npmjs.org/animate.css/-/animate.css-3.7.0.tgz",
                    "integrity": "sha512-u3iMXDJr0cxMdQocIciDiou9Au4L5f9uT+/jCtprw3s1j3HcfCuI+khF+90Ps2KdsEhM2soF7SXB4WUvI3HlXg=="
                }
            }
        }
    }
}
